
Microsoft Visual Studio Solution File, Format Version 12.00
# Visual Studio Version 17
VisualStudioVersion = 17.11.35303.130
MinimumVisualStudioVersion = 10.0.40219.1
Project("{FAE04EC0-301F-11D3-BF4B-00C04F79EFBC}") = "StudentPortal.Web", "StudentPortal.Web.csproj", "{9C6F678A-2B62-4B69-8902-1770504AE1F8}"
EndProject
Global
	GlobalSection(SolutionConfigurationPlatforms) = preSolution
		Debug|Any CPU = Debug|Any CPU
		Release|Any CPU = Release|Any CPU
	EndGlobalSection
	GlobalSection(ProjectConfigurationPlatforms) = postSolution
		{9C6F678A-2B62-4B69-8902-1770504AE1F8}.Debug|Any CPU.ActiveCfg = Debug|Any CPU
		{9C6F678A-2B62-4B69-8902-1770504AE1F8}.Debug|Any CPU.Build.0 = Debug|Any CPU
		{9C6F678A-2B62-4B69-8902-1770504AE1F8}.Release|Any CPU.ActiveCfg = Release|Any CPU
		{9C6F678A-2B62-4B69-8902-1770504AE1F8}.Release|Any CPU.Build.0 = Release|Any CPU
	EndGlobalSection
	GlobalSection(SolutionProperties) = preSolution
		HideSolutionNode = FALSE
	EndGlobalSection
	GlobalSection(ExtensibilityGlobals) = postSolution
		SolutionGuid = {E14D3C36-591A-4F4D-BA20-2D916F07AA71}
	EndGlobalSection
EndGlobal
